
Microsoft Visual Studio Solution File, Format Version 12.00
# Visual Studio 15
VisualStudioVersion = 15.0.28307.421
MinimumVisualStudioVersion = 10.0.40219.1
Project("{F184B08F-C81C-45F6-A57F-5ABD9991F28F}") = "project2", "project2\project2.vbproj", "{F51E7F66-629D-48D8-ABF5-4B1A79417906}"
EndProject
Global
	GlobalSection(SolutionConfigurationPlatforms) = preSolution
		Debug|Any CPU = Debug|Any CPU
		Release|Any CPU = Release|Any CPU
	EndGlobalSection
	GlobalSection(ProjectConfigurationPlatforms) = postSolution
		{F51E7F66-629D-48D8-ABF5-4B1A79417906}.Debug|Any CPU.ActiveCfg = Debug|Any CPU
		{F51E7F66-629D-48D8-ABF5-4B1A79417906}.Debug|Any CPU.Build.0 = Debug|Any CPU
		{F51E7F66-629D-48D8-ABF5-4B1A79417906}.Release|Any CPU.ActiveCfg = Release|Any CPU
		{F51E7F66-629D-48D8-ABF5-4B1A79417906}.Release|Any CPU.Build.0 = Release|Any CPU
	EndGlobalSection
	GlobalSection(SolutionProperties) = preSolution
		HideSolutionNode = FALSE
	EndGlobalSection
	GlobalSection(ExtensibilityGlobals) = postSolution
		SolutionGuid = {27C5C596-5A31-4B1E-93C4-C6FBB16363E1}
	EndGlobalSection
EndGlobal
